// !$*UTF8*$!
{
	archiveVersion = 1;
	classes = {
	};
	objectVersion = 51;
	objects = {

/* Begin PBXBuildFile section */
		696D755E242271150014A2BF /* APIManager.swift in Sources */ = {isa = PBXBuildFile; fileRef = 696D755D242271150014A2BF /* APIManager.swift */; };
		696D7560242275480014A2BF /* Alamofire.framework in Frameworks */ = {isa = PBXBuildFile; fileRef = 696D755F242275480014A2BF /* Alamofire.framework */; };
		696D7565242278190014A2BF /* MainCollectionViewCell.swift in Sources */ = {isa = PBXBuildFile; fileRef = 696D7563242278190014A2BF /* MainCollectionViewCell.swift */; };
		696D7566242278190014A2BF /* MainCollectionViewCell.xib in Resources */ = {isa = PBXBuildFile; fileRef = 696D7564242278190014A2BF /* MainCollectionViewCell.xib */; };
		A6E3CCABA00FB538A13C7B4D /* Pods_DevelopmentTest.framework in Frameworks */ = {isa = PBXBuildFile; fileRef = A6EE46918E94B2816E960B07 /* Pods_DevelopmentTest.framework */; };
		C29A386C242069CC00E84997 /* AppDelegate.swift in Sources */ = {isa = PBXBuildFile; fileRef = C29A386B242069CC00E84997 /* AppDelegate.swift */; };
		C29A386E242069CC00E84997 /* MainViewController.swift in Sources */ = {isa = PBXBuildFile; fileRef = C29A386D242069CC00E84997 /* MainViewController.swift */; };
		C29A3871242069CC00E84997 /* Main.storyboard in Resources */ = {isa = PBXBuildFile; fileRef = C29A386F242069CC00E84997 /* Main.storyboard */; };
		C29A3873242069CD00E84997 /* Assets.xcassets in Resources */ = {isa = PBXBuildFile; fileRef = C29A3872242069CD00E84997 /* Assets.xcassets */; };
		C29A3876242069CD00E84997 /* LaunchScreen.storyboard in Resources */ = {isa = PBXBuildFile; fileRef = C29A3874242069CD00E84997 /* LaunchScreen.storyboard */; };
		C2A7EE5024245E76005DEA9D /* PostModel.swift in Sources */ = {isa = PBXBuildFile; fileRef = C2A7EE4F24245E76005DEA9D /* PostModel.swift */; };
		C2A7EE53242461CF005DEA9D /* MainViewModel.swift in Sources */ = {isa = PBXBuildFile; fileRef = C2A7EE52242461CF005DEA9D /* MainViewModel.swift */; };
/* End PBXBuildFile section */

/* Begin PBXFileReference section */
		5EA97F9EBF2E837CF983A2A2 /* Pods-DevelopmentTest.release.xcconfig */ = {isa = PBXFileReference; includeInIndex = 1; lastKnownFileType = text.xcconfig; name = "Pods-DevelopmentTest.release.xcconfig"; path = "Target Support Files/Pods-DevelopmentTest/Pods-DevelopmentTest.release.xcconfig"; sourceTree = "<group>"; };
		696D755D242271150014A2BF /* APIManager.swift */ = {isa = PBXFileReference; lastKnownFileType = sourcecode.swift; path = APIManager.swift; sourceTree = "<group>"; };
		696D755F242275480014A2BF /* Alamofire.framework */ = {isa = PBXFileReference; explicitFileType = wrapper.framework; path = Alamofire.framework; sourceTree = BUILT_PRODUCTS_DIR; };
		696D7563242278190014A2BF /* MainCollectionViewCell.swift */ = {isa = PBXFileReference; lastKnownFileType = sourcecode.swift; path = MainCollectionViewCell.swift; sourceTree = "<group>"; };
		696D7564242278190014A2BF /* MainCollectionViewCell.xib */ = {isa = PBXFileReference; lastKnownFileType = file.xib; path = MainCollectionViewCell.xib; sourceTree = "<group>"; };
		A3178710022620B153013B13 /* Pods-DevelopmentTest.debug.xcconfig */ = {isa = PBXFileReference; includeInIndex = 1; lastKnownFileType = text.xcconfig; name = "Pods-DevelopmentTest.debug.xcconfig"; path = "Target Support Files/Pods-DevelopmentTest/Pods-DevelopmentTest.debug.xcconfig"; sourceTree = "<group>"; };
		A6EE46918E94B2816E960B07 /* Pods_DevelopmentTest.framework */ = {isa = PBXFileReference; explicitFileType = wrapper.framework; includeInIndex = 0; path = Pods_DevelopmentTest.framework; sourceTree = BUILT_PRODUCTS_DIR; };
		C29A3868242069CC00E84997 /* DevelopmentTest.app */ = {isa = PBXFileReference; explicitFileType = wrapper.application; includeInIndex = 0; path = DevelopmentTest.app; sourceTree = BUILT_PRODUCTS_DIR; };
		C29A386B242069CC00E84997 /* AppDelegate.swift */ = {isa = PBXFileReference; lastKnownFileType = sourcecode.swift; path = AppDelegate.swift; sourceTree = "<group>"; };
		C29A386D242069CC00E84997 /* MainViewController.swift */ = {isa = PBXFileReference; lastKnownFileType = sourcecode.swift; path = MainViewController.swift; sourceTree = "<group>"; };
		C29A3870242069CC00E84997 /* Base */ = {isa = PBXFileReference; lastKnownFileType = file.storyboard; name = Base; path = Base.lproj/Main.storyboard; sourceTree = "<group>"; };
		C29A3872242069CD00E84997 /* Assets.xcassets */ = {isa = PBXFileReference; lastKnownFileType = folder.assetcatalog; path = Assets.xcassets; sourceTree = "<group>"; };
		C29A3875242069CD00E84997 /* Base */ = {isa = PBXFileReference; lastKnownFileType = file.storyboard; name = Base; path = Base.lproj/LaunchScreen.storyboard; sourceTree = "<group>"; };
		C29A3877242069CD00E84997 /* Info.plist */ = {isa = PBXFileReference; lastKnownFileType = text.plist.xml; path = Info.plist; sourceTree = "<group>"; };
		C2A7EE4F24245E76005DEA9D /* PostModel.swift */ = {isa = PBXFileReference; lastKnownFileType = sourcecode.swift; path = PostModel.swift; sourceTree = "<group>"; };
		C2A7EE52242461CF005DEA9D /* MainViewModel.swift */ = {isa = PBXFileReference; lastKnownFileType = sourcecode.swift; path = MainViewModel.swift; sourceTree = "<group>"; };
/* End PBXFileReference section */

/* Begin PBXFrameworksBuildPhase section */
		C29A3865242069CC00E84997 /* Frameworks */ = {
			isa = PBXFrameworksBuildPhase;
			buildActionMask = 2147483647;
			files = (
				A6E3CCABA00FB538A13C7B4D /* Pods_DevelopmentTest.framework in Frameworks */,
				696D7560242275480014A2BF /* Alamofire.framework in Frameworks */,
			);
			runOnlyForDeploymentPostprocessing = 0;
		};
/* End PBXFrameworksBuildPhase section */

/* Begin PBXGroup section */
		12FE5C2A075308104C8337AF /* Pods */ = {
			isa = PBXGroup;
			children = (
				A3178710022620B153013B13 /* Pods-DevelopmentTest.debug.xcconfig */,
				5EA97F9EBF2E837CF983A2A2 /* Pods-DevelopmentTest.release.xcconfig */,
			);
			path = Pods;
			sourceTree = "<group>";
		};
		696D7567242278240014A2BF /* CommonView */ = {
			isa = PBXGroup;
			children = (
				696D7563242278190014A2BF /* MainCollectionViewCell.swift */,
				696D7564242278190014A2BF /* MainCollectionViewCell.xib */,
			);
			path = CommonView;
			sourceTree = "<group>";
		};
		C2596A7C2423407D0070A4A9 /* Manager */ = {
			isa = PBXGroup;
			children = (
				696D755D242271150014A2BF /* APIManager.swift */,
			);
			path = Manager;
			sourceTree = "<group>";
		};
		C29A385F242069CC00E84997 = {
			isa = PBXGroup;
			children = (
				C29A386A242069CC00E84997 /* DevelopmentTest */,
				C29A3869242069CC00E84997 /* Products */,
				12FE5C2A075308104C8337AF /* Pods */,
				C645B63B90D000E9CABC28EF /* Frameworks */,
			);
			sourceTree = "<group>";
		};
		C29A3869242069CC00E84997 /* Products */ = {
			isa = PBXGroup;
			children = (
				C29A3868242069CC00E84997 /* DevelopmentTest.app */,
			);
			name = Products;
			sourceTree = "<group>";
		};
		C29A386A242069CC00E84997 /* DevelopmentTest */ = {
			isa = PBXGroup;
			children = (
				C2596A7C2423407D0070A4A9 /* Manager */,
				696D7567242278240014A2BF /* CommonView */,
				C2A7EE5124245E7A005DEA9D /* Model */,
				C29A386B242069CC00E84997 /* AppDelegate.swift */,
				C29A386D242069CC00E84997 /* MainViewController.swift */,
				C2A7EE52242461CF005DEA9D /* MainViewModel.swift */,
				C29A386F242069CC00E84997 /* Main.storyboard */,
				C29A3872242069CD00E84997 /* Assets.xcassets */,
				C29A3874242069CD00E84997 /* LaunchScreen.storyboard */,
				C29A3877242069CD00E84997 /* Info.plist */,
			);
			path = DevelopmentTest;
			sourceTree = "<group>";
		};
		C2A7EE5124245E7A005DEA9D /* Model */ = {
			isa = PBXGroup;
			children = (
				C2A7EE4F24245E76005DEA9D /* PostModel.swift */,
			);
			path = Model;
			sourceTree = "<group>";
		};
		C645B63B90D000E9CABC28EF /* Frameworks */ = {
			isa = PBXGroup;
			children = (
				696D755F242275480014A2BF /* Alamofire.framework */,
				A6EE46918E94B2816E960B07 /* Pods_DevelopmentTest.framework */,
			);
			name = Frameworks;
			sourceTree = "<group>";
		};
/* End PBXGroup section */

/* Begin PBXNativeTarget section */
		C29A3867242069CC00E84997 /* DevelopmentTest */ = {
			isa = PBXNativeTarget;
			buildConfigurationList = C29A387A242069CD00E84997 /* Build configuration list for PBXNativeTarget "DevelopmentTest" */;
			buildPhases = (
				5A527F1843E210BF973051BC /* [CP] Check Pods Manifest.lock */,
				C29A3864242069CC00E84997 /* Sources */,
				C29A3865242069CC00E84997 /* Frameworks */,
				C29A3866242069CC00E84997 /* Resources */,
				F6D804E0C9C625946A0DE49C /* [CP] Embed Pods Frameworks */,
			);
			buildRules = (
			);
			dependencies = (
			);
			name = DevelopmentTest;
			productName = DevelopmentTest;
			productReference = C29A3868242069CC00E84997 /* DevelopmentTest.app */;
			productType = "com.apple.product-type.application";
		};
/* End PBXNativeTarget section */

/* Begin PBXProject section */
		C29A3860242069CC00E84997 /* Project object */ = {
			isa = PBXProject;
			attributes = {
				LastSwiftUpdateCheck = 1030;
				LastUpgradeCheck = 1030;
				ORGANIZATIONNAME = "Shu Wei Liang";
				TargetAttributes = {
					C29A3867242069CC00E84997 = {
						CreatedOnToolsVersion = 10.3;
					};
				};
			};
			buildConfigurationList = C29A3863242069CC00E84997 /* Build configuration list for PBXProject "DevelopmentTest" */;
			compatibilityVersion = "Xcode 9.3";
			developmentRegion = en;
			hasScannedForEncodings = 0;
			knownRegions = (
				en,
				Base,
			);
			mainGroup = C29A385F242069CC00E84997;
			productRefGroup = C29A3869242069CC00E84997 /* Products */;
			projectDirPath = "";
			projectRoot = "";
			targets = (
				C29A3867242069CC00E84997 /* DevelopmentTest */,
			);
		};
/* End PBXProject section */

/* Begin PBXResourcesBuildPhase section */
		C29A3866242069CC00E84997 /* Resources */ = {
			isa = PBXResourcesBuildPhase;
			buildActionMask = 2147483647;
			files = (
				C29A3876242069CD00E84997 /* LaunchScreen.storyboard in Resources */,
				C29A3873242069CD00E84997 /* Assets.xcassets in Resources */,
				C29A3871242069CC00E84997 /* Main.storyboard in Resources */,
				696D7566242278190014A2BF /* MainCollectionViewCell.xib in Resources */,
			);
			runOnlyForDeploymentPostprocessing = 0;
		};
/* End PBXResourcesBuildPhase section */

/* Begin PBXShellScriptBuildPhase section */
		5A527F1843E210BF973051BC /* [CP] Check Pods Manifest.lock */ = {
			isa = PBXShellScriptBuildPhase;
			buildActionMask = 2147483647;
			files = (
			);
			inputFileListPaths = (
			);
			inputPaths = (
				"${PODS_PODFILE_DIR_PATH}/Podfile.lock",
				"${PODS_ROOT}/Manifest.lock",
			);
			name = "[CP] Check Pods Manifest.lock";
			outputFileListPaths = (
			);
			outputPaths = (
				"$(DERIVED_FILE_DIR)/Pods-DevelopmentTest-checkManifestLockResult.txt",
			);
			runOnlyForDeploymentPostprocessing = 0;
			shellPath = /bin/sh;
			shellScript = "diff \"${PODS_PODFILE_DIR_PATH}/Podfile.lock\" \"${PODS_ROOT}/Manifest.lock\" > /dev/null\nif [ $? != 0 ] ; then\n    # print error to STDERR\n    echo \"error: The sandbox is not in sync with the Podfile.lock. Run 'pod install' or update your CocoaPods installation.\" >&2\n    exit 1\nfi\n# This output is used by Xcode 'outputs' to avoid re-running this script phase.\necho \"SUCCESS\" > \"${SCRIPT_OUTPUT_FILE_0}\"\n";
			showEnvVarsInLog = 0;
		};
		F6D804E0C9C625946A0DE49C /* [CP] Embed Pods Frameworks */ = {
			isa = PBXShellScriptBuildPhase;
			buildActionMask = 2147483647;
			files = (
			);
			inputFileListPaths = (
				"${PODS_ROOT}/Target Support Files/Pods-DevelopmentTest/Pods-DevelopmentTest-frameworks-${CONFIGURATION}-input-files.xcfilelist",
			);
			name = "[CP] Embed Pods Frameworks";
			outputFileListPaths = (
				"${PODS_ROOT}/Target Support Files/Pods-DevelopmentTest/Pods-DevelopmentTest-frameworks-${CONFIGURATION}-output-files.xcfilelist",
			);
			runOnlyForDeploymentPostprocessing = 0;
			shellPath = /bin/sh;
			shellScript = "\"${PODS_ROOT}/Target Support Files/Pods-DevelopmentTest/Pods-DevelopmentTest-frameworks.sh\"\n";
			showEnvVarsInLog = 0;
		};
/* End PBXShellScriptBuildPhase section */

/* Begin PBXSourcesBuildPhase section */
		C29A3864242069CC00E84997 /* Sources */ = {
			isa = PBXSourcesBuildPhase;
			buildActionMask = 2147483647;
			files = (
				696D755E242271150014A2BF /* APIManager.swift in Sources */,
				C2A7EE5024245E76005DEA9D /* PostModel.swift in Sources */,
				C29A386E242069CC00E84997 /* MainViewController.swift in Sources */,
				C29A386C242069CC00E84997 /* AppDelegate.swift in Sources */,
				696D7565242278190014A2BF /* MainCollectionViewCell.swift in Sources */,
				C2A7EE53242461CF005DEA9D /* MainViewModel.swift in Sources */,
			);
			runOnlyForDeploymentPostprocessing = 0;
		};
/* End PBXSourcesBuildPhase section */

/* Begin PBXVariantGroup section */
		C29A386F242069CC00E84997 /* Main.storyboard */ = {
			isa = PBXVariantGroup;
			children = (
				C29A3870242069CC00E84997 /* Base */,
			);
			name = Main.storyboard;
			sourceTree = "<group>";
		};
		C29A3874242069CD00E84997 /* LaunchScreen.storyboard */ = {
			isa = PBXVariantGroup;
			children = (
				C29A3875242069CD00E84997 /* Base */,
			);
			name = LaunchScreen.storyboard;
			sourceTree = "<group>";
		};
/* End PBXVariantGroup section */

/* Begin XCBuildConfiguration section */
		C29A3878242069CD00E84997 /* Debug */ = {
			isa = XCBuildConfiguration;
			buildSettings = {
				ALWAYS_SEARCH_USER_PATHS = NO;
				CLANG_ANALYZER_NONNULL = YES;
				CLANG_ANALYZER_NUMBER_OBJECT_CONVERSION = YES_AGGRESSIVE;
				CLANG_CXX_LANGUAGE_STANDARD = "gnu++14";
				CLANG_CXX_LIBRARY = "libc++";
				CLANG_ENABLE_MODULES = YES;
				CLANG_ENABLE_OBJC_ARC = YES;
				CLANG_ENABLE_OBJC_WEAK = YES;
				CLANG_WARN_BLOCK_CAPTURE_AUTORELEASING = YES;
				CLANG_WARN_BOOL_CONVERSION = YES;
				CLANG_WARN_COMMA = YES;
				CLANG_WARN_CONSTANT_CONVERSION = YES;
				CLANG_WARN_DEPRECATED_OBJC_IMPLEMENTATIONS = YES;
				CLANG_WARN_DIRECT_OBJC_ISA_USAGE = YES_ERROR;
				CLANG_WARN_DOCUMENTATION_COMMENTS = YES;
				CLANG_WARN_EMPTY_BODY = YES;
				CLANG_WARN_ENUM_CONVERSION = YES;
				CLANG_WARN_INFINITE_RECURSION = YES;
				CLANG_WARN_INT_CONVERSION = YES;
				CLANG_WARN_NON_LITERAL_NULL_CONVERSION = YES;
				CLANG_WARN_OBJC_IMPLICIT_RETAIN_SELF = YES;
				CLANG_WARN_OBJC_LITERAL_CONVERSION = YES;
				CLANG_WARN_OBJC_ROOT_CLASS = YES_ERROR;
				CLANG_WARN_RANGE_LOOP_ANALYSIS = YES;
				CLANG_WARN_STRICT_PROTOTYPES = YES;
				CLANG_WARN_SUSPICIOUS_MOVE = YES;
				CLANG_WARN_UNGUARDED_AVAILABILITY = YES_AGGRESSIVE;
				CLANG_WARN_UNREACHABLE_CODE = YES;
				CLANG_WARN__DUPLICATE_METHOD_MATCH = YES;
				CODE_SIGN_IDENTITY = "iPhone Developer";
				COPY_PHASE_STRIP = NO;
				DEBUG_INFORMATION_FORMAT = dwarf;
				ENABLE_STRICT_OBJC_MSGSEND = YES;
				ENABLE_TESTABILITY = YES;
				GCC_C_LANGUAGE_STANDARD = gnu11;
				GCC_DYNAMIC_NO_PIC = NO;
				GCC_NO_COMMON_BLOCKS = YES;
				GCC_OPTIMIZATION_LEVEL = 0;
				GCC_PREPROCESSOR_DEFINITIONS = (
					"DEBUG=1",
					"$(inherited)",
				);
				GCC_WARN_64_TO_32_BIT_CONVERSION = YES;
				GCC_WARN_ABOUT_RETURN_TYPE = YES_ERROR;
				GCC_WARN_UNDECLARED_SELECTOR = YES;
				GCC_WARN_UNINITIALIZED_AUTOS = YES_AGGRESSIVE;
				GCC_WARN_UNUSED_FUNCTION = YES;
				GCC_WARN_UNUSED_VARIABLE = YES;
				IPHONEOS_DEPLOYMENT_TARGET = 12.4;
				MTL_ENABLE_DEBUG_INFO = INCLUDE_SOURCE;
				MTL_FAST_MATH = YES;
				ONLY_ACTIVE_ARCH = YES;
				SDKROOT = iphoneos;
				SWIFT_ACTIVE_COMPILATION_CONDITIONS = DEBUG;
				SWIFT_OPTIMIZATION_LEVEL = "-Onone";
			};
			name = Debug;
		};
		C29A3879242069CD00E84997 /* Release */ = {
			isa = XCBuildConfiguration;
			buildSettings = {
				ALWAYS_SEARCH_USER_PATHS = NO;
				CLANG_ANALYZER_NONNULL = YES;
				CLANG_ANALYZER_NUMBER_OBJECT_CONVERSION = YES_AGGRESSIVE;
				CLANG_CXX_LANGUAGE_STANDARD = "gnu++14";
				CLANG_CXX_LIBRARY = "libc++";
				CLANG_ENABLE_MODULES = YES;
				CLANG_ENABLE_OBJC_ARC = YES;
				CLANG_ENABLE_OBJC_WEAK = YES;
				CLANG_WARN_BLOCK_CAPTURE_AUTORELEASING = YES;
				CLANG_WARN_BOOL_CONVERSION = YES;
				CLANG_WARN_COMMA = YES;
				CLANG_WARN_CONSTANT_CONVERSION = YES;
				CLANG_WARN_DEPRECATED_OBJC_IMPLEMENTATIONS = YES;
				CLANG_WARN_DIRECT_OBJC_ISA_USAGE = YES_ERROR;
				CLANG_WARN_DOCUMENTATION_COMMENTS = YES;
				CLANG_WARN_EMPTY_BODY = YES;
				CLANG_WARN_ENUM_CONVERSION = YES;
				CLANG_WARN_INFINITE_RECURSION = YES;
				CLANG_WARN_INT_CONVERSION = YES;
				CLANG_WARN_NON_LITERAL_NULL_CONVERSION = YES;
				CLANG_WARN_OBJC_IMPLICIT_RETAIN_SELF = YES;
				CLANG_WARN_OBJC_LITERAL_CONVERSION = YES;
				CLANG_WARN_OBJC_ROOT_CLASS = YES_ERROR;
				CLANG_WARN_RANGE_LOOP_ANALYSIS = YES;
				CLANG_WARN_STRICT_PROTOTYPES = YES;
				CLANG_WARN_SUSPICIOUS_MOVE = YES;
				CLANG_WARN_UNGUARDED_AVAILABILITY = YES_AGGRESSIVE;
				CLANG_WARN_UNREACHABLE_CODE = YES;
				CLANG_WARN__DUPLICATE_METHOD_MATCH = YES;
				CODE_SIGN_IDENTITY = "iPhone Developer";
				COPY_PHASE_STRIP = NO;
				DEBUG_INFORMATION_FORMAT = "dwarf-with-dsym";
				ENABLE_NS_ASSERTIONS = NO;
				ENABLE_STRICT_OBJC_MSGSEND = YES;
				GCC_C_LANGUAGE_STANDARD = gnu11;
				GCC_NO_COMMON_BLOCKS = YES;
				GCC_WARN_64_TO_32_BIT_CONVERSION = YES;
				GCC_WARN_ABOUT_RETURN_TYPE = YES_ERROR;
				GCC_WARN_UNDECLARED_SELECTOR = YES;
				GCC_WARN_UNINITIALIZED_AUTOS = YES_AGGRESSIVE;
				GCC_WARN_UNUSED_FUNCTION = YES;
				GCC_WARN_UNUSED_VARIABLE = YES;
				IPHONEOS_DEPLOYMENT_TARGET = 12.4;
				MTL_ENABLE_DEBUG_INFO = NO;
				MTL_FAST_MATH = YES;
				SDKROOT = iphoneos;
				SWIFT_COMPILATION_MODE = wholemodule;
				SWIFT_OPTIMIZATION_LEVEL = "-O";
				VALIDATE_PRODUCT = YES;
			};
			name = Release;
		};
		C29A387B242069CD00E84997 /* Debug */ = {
			isa = XCBuildConfiguration;
			baseConfigurationReference = A3178710022620B153013B13 /* Pods-DevelopmentTest.debug.xcconfig */;
			buildSettings = {
				ASSETCATALOG_COMPILER_APPICON_NAME = AppIcon;
				CODE_SIGN_STYLE = Automatic;
				DEVELOPMENT_TEAM = G794XMKT85;
				INFOPLIST_FILE = DevelopmentTest/Info.plist;
				LD_RUNPATH_SEARCH_PATHS = (
					"$(inherited)",
					"@executable_path/Frameworks",
				);
				PRODUCT_BUNDLE_IDENTIFIER = com.su.DevelopmentTest;
				PRODUCT_NAME = "$(TARGET_NAME)";
				SWIFT_VERSION = 5.0;
				TARGETED_DEVICE_FAMILY = "1,2";
			};
			name = Debug;
		};
		C29A387C242069CD00E84997 /* Release */ = {
			isa = XCBuildConfiguration;
			baseConfigurationReference = 5EA97F9EBF2E837CF983A2A2 /* Pods-DevelopmentTest.release.xcconfig */;
			buildSettings = {
				ASSETCATALOG_COMPILER_APPICON_NAME = AppIcon;
				CODE_SIGN_STYLE = Automatic;
				DEVELOPMENT_TEAM = G794XMKT85;
				INFOPLIST_FILE = DevelopmentTest/Info.plist;
				LD_RUNPATH_SEARCH_PATHS = (
					"$(inherited)",
					"@executable_path/Frameworks",
				);
				PRODUCT_BUNDLE_IDENTIFIER = com.su.DevelopmentTest;
				PRODUCT_NAME = "$(TARGET_NAME)";
				SWIFT_VERSION = 5.0;
				TARGETED_DEVICE_FAMILY = "1,2";
			};
			name = Release;
		};
/* End XCBuildConfiguration section */

/* Begin XCConfigurationList section */
		C29A3863242069CC00E84997 /* Build configuration list for PBXProject "DevelopmentTest" */ = {
			isa = XCConfigurationList;
			buildConfigurations = (
				C29A3878242069CD00E84997 /* Debug */,
				C29A3879242069CD00E84997 /* Release */,
			);
			defaultConfigurationIsVisible = 0;
			defaultConfigurationName = Release;
		};
		C29A387A242069CD00E84997 /* Build configuration list for PBXNativeTarget "DevelopmentTest" */ = {
			isa = XCConfigurationList;
			buildConfigurations = (
				C29A387B242069CD00E84997 /* Debug */,
				C29A387C242069CD00E84997 /* Release */,
			);
			defaultConfigurationIsVisible = 0;
			defaultConfigurationName = Release;
		};
/* End XCConfigurationList section */
	};
	rootObject = C29A3860242069CC00E84997 /* Project object */;
}
